
Microsoft Visual Studio Solution File, Format Version 12.00
# Visual Studio Version 17
VisualStudioVersion = 17.3.32922.545
MinimumVisualStudioVersion = 10.0.40219.1
Project("{FAE04EC0-301F-11D3-BF4B-00C04F79EFBC}") = "SampleGraphqlApp.Data", "SampleGraphqlApp.Data\SampleGraphqlApp.Data.csproj", "{DCB4EC87-2F96-48EF-957F-FC4AC407108D}"
EndProject
Global
	GlobalSection(SolutionConfigurationPlatforms) = preSolution
		Debug|Any CPU = Debug|Any CPU
		Release|Any CPU = Release|Any CPU
	EndGlobalSection
	GlobalSection(ProjectConfigurationPlatforms) = postSolution
		{DCB4EC87-2F96-48EF-957F-FC4AC407108D}.Debug|Any CPU.ActiveCfg = Debug|Any CPU
		{DCB4EC87-2F96-48EF-957F-FC4AC407108D}.Debug|Any CPU.Build.0 = Debug|Any CPU
		{DCB4EC87-2F96-48EF-957F-FC4AC407108D}.Release|Any CPU.ActiveCfg = Release|Any CPU
		{DCB4EC87-2F96-48EF-957F-FC4AC407108D}.Release|Any CPU.Build.0 = Release|Any CPU
	EndGlobalSection
	GlobalSection(SolutionProperties) = preSolution
		HideSolutionNode = FALSE
	EndGlobalSection
	GlobalSection(ExtensibilityGlobals) = postSolution
		SolutionGuid = {5E86B6B0-58FF-4ED5-934E-3F7EE7586E93}
	EndGlobalSection
EndGlobal
